
Microsoft Visual Studio Solution File, Format Version 12.00
# Visual Studio 14
VisualStudioVersion = 14.0.25420.1
MinimumVisualStudioVersion = 10.0.40219.1
Project("{FAE04EC0-301F-11D3-BF4B-00C04F79EFBC}") = "LinQ2nd", "LinQ2nd\LinQ2nd.csproj", "{EC279499-6B6F-49F1-ACB0-192588A70E6E}"
EndProject
Global
	GlobalSection(SolutionConfigurationPlatforms) = preSolution
		Debug|Any CPU = Debug|Any CPU
		Release|Any CPU = Release|Any CPU
	EndGlobalSection
	GlobalSection(ProjectConfigurationPlatforms) = postSolution
		{EC279499-6B6F-49F1-ACB0-192588A70E6E}.Debug|Any CPU.ActiveCfg = Debug|Any CPU
		{EC279499-6B6F-49F1-ACB0-192588A70E6E}.Debug|Any CPU.Build.0 = Debug|Any CPU
		{EC279499-6B6F-49F1-ACB0-192588A70E6E}.Release|Any CPU.ActiveCfg = Release|Any CPU
		{EC279499-6B6F-49F1-ACB0-192588A70E6E}.Release|Any CPU.Build.0 = Release|Any CPU
	EndGlobalSection
	GlobalSection(SolutionProperties) = preSolution
		HideSolutionNode = FALSE
	EndGlobalSection
EndGlobal
